
Microsoft Visual Studio Solution File, Format Version 12.00
# Visual Studio Version 16
VisualStudioVersion = 16.0.30907.101
MinimumVisualStudioVersion = 10.0.40219.1
Project("{9A19103F-16F7-4668-BE54-9A1E7A4F7556}") = "WebGestionPerso", "WebApplication1\WebGestionPerso.csproj", "{4100B2CC-D44E-475C-A3C8-AF526FB6DEFC}"
EndProject
Global
	GlobalSection(SolutionConfigurationPlatforms) = preSolution
		Debug|Any CPU = Debug|Any CPU
		Release|Any CPU = Release|Any CPU
	EndGlobalSection
	GlobalSection(ProjectConfigurationPlatforms) = postSolution
		{4100B2CC-D44E-475C-A3C8-AF526FB6DEFC}.Debug|Any CPU.ActiveCfg = Debug|Any CPU
		{4100B2CC-D44E-475C-A3C8-AF526FB6DEFC}.Debug|Any CPU.Build.0 = Debug|Any CPU
		{4100B2CC-D44E-475C-A3C8-AF526FB6DEFC}.Release|Any CPU.ActiveCfg = Release|Any CPU
		{4100B2CC-D44E-475C-A3C8-AF526FB6DEFC}.Release|Any CPU.Build.0 = Release|Any CPU
	EndGlobalSection
	GlobalSection(SolutionProperties) = preSolution
		HideSolutionNode = FALSE
	EndGlobalSection
	GlobalSection(ExtensibilityGlobals) = postSolution
		SolutionGuid = {9F7CA6B8-4EA3-4482-8C94-9BC78B542EE6}
	EndGlobalSection
EndGlobal
