
Microsoft Visual Studio Solution File, Format Version 12.00
# Visual Studio Version 17
VisualStudioVersion = 17.3.32819.101
MinimumVisualStudioVersion = 10.0.40219.1
Project("{FAE04EC0-301F-11D3-BF4B-00C04F79EFBC}") = "WebApplication1", "WebApplication1\WebApplication1.csproj", "{4100B2CC-D44E-475C-A3C8-AF526FB6DEFC}"
EndProject
Global
	GlobalSection(SolutionConfigurationPlatforms) = preSolution
		Debug|Any CPU = Debug|Any CPU
		Release|Any CPU = Release|Any CPU
	EndGlobalSection
	GlobalSection(ProjectConfigurationPlatforms) = postSolution
		{4100B2CC-D44E-475C-A3C8-AF526FB6DEFC}.Debug|Any CPU.ActiveCfg = Debug|Any CPU
		{4100B2CC-D44E-475C-A3C8-AF526FB6DEFC}.Debug|Any CPU.Build.0 = Debug|Any CPU
		{4100B2CC-D44E-475C-A3C8-AF526FB6DEFC}.Release|Any CPU.ActiveCfg = Release|Any CPU
		{4100B2CC-D44E-475C-A3C8-AF526FB6DEFC}.Release|Any CPU.Build.0 = Release|Any CPU
	EndGlobalSection
	GlobalSection(SolutionProperties) = preSolution
		HideSolutionNode = FALSE
	EndGlobalSection
	GlobalSection(ExtensibilityGlobals) = postSolution
		SolutionGuid = {9F7CA6B8-4EA3-4482-8C94-9BC78B542EE6}
	EndGlobalSection
EndGlobal
